// !$*UTF8*$!
{
	archiveVersion = 1;
	classes = {
	};
	objectVersion = 46;
	objects = {

/* Begin PBXBuildFile section */
		9207E2EB1819AF3A00BA173D /* QuestionNavigationController.m in Sources */ = {isa = PBXBuildFile; fileRef = 9207E2E21819AF3A00BA173D /* QuestionNavigationController.m */; };
		9207E2EC1819AF3A00BA173D /* QuestionViewController.m in Sources */ = {isa = PBXBuildFile; fileRef = 9207E2E41819AF3A00BA173D /* QuestionViewController.m */; };
		9207E2ED1819AF3A00BA173D /* ResultDetailView.m in Sources */ = {isa = PBXBuildFile; fileRef = 9207E2E61819AF3A00BA173D /* ResultDetailView.m */; };
		9207E2EE1819AF3A00BA173D /* ResultViewController.m in Sources */ = {isa = PBXBuildFile; fileRef = 9207E2E81819AF3A00BA173D /* ResultViewController.m */; };
		9207E2EF1819AF3A00BA173D /* TodayViewController.m in Sources */ = {isa = PBXBuildFile; fileRef = 9207E2EA1819AF3A00BA173D /* TodayViewController.m */; };
		9207E2F21819B39C00BA173D /* GionTabBarController.m in Sources */ = {isa = PBXBuildFile; fileRef = 9207E2F11819B39C00BA173D /* GionTabBarController.m */; };
		921591BF1819FD6D00777FC6 /* SeisekiViewController.m in Sources */ = {isa = PBXBuildFile; fileRef = 921591BE1819FD6D00777FC6 /* SeisekiViewController.m */; };
		922E1169183B217800504BAC /* GionViewController.m in Sources */ = {isa = PBXBuildFile; fileRef = 922E1168183B217800504BAC /* GionViewController.m */; };
		922E116E183B2CBF00504BAC /* pentagon.png in Resources */ = {isa = PBXBuildFile; fileRef = 922E116D183B2CBF00504BAC /* pentagon.png */; };
		922E1171183B30F400504BAC /* GionDatabaseManager.m in Sources */ = {isa = PBXBuildFile; fileRef = 922E1170183B30F400504BAC /* GionDatabaseManager.m */; };
		923931A41838592B001211F3 /* Images.xcassets in Resources */ = {isa = PBXBuildFile; fileRef = 923931A31838592B001211F3 /* Images.xcassets */; };
		923931AB18385F76001211F3 /* spotlight_mashino@960.png in Resources */ = {isa = PBXBuildFile; fileRef = 923931A918385F76001211F3 /* spotlight_mashino@960.png */; };
		923931AC18385F76001211F3 /* spotlight_mashino@1136.png in Resources */ = {isa = PBXBuildFile; fileRef = 923931AA18385F76001211F3 /* spotlight_mashino@1136.png */; };
		923931AE183872F7001211F3 /* right.png in Resources */ = {isa = PBXBuildFile; fileRef = 923931AD183872F7001211F3 /* right.png */; };
		923931B0183872FB001211F3 /* wrong.png in Resources */ = {isa = PBXBuildFile; fileRef = 923931AF183872FB001211F3 /* wrong.png */; };
		9247896D183B927800D85E45 /* text.db in Resources */ = {isa = PBXBuildFile; fileRef = 9247896C183B927800D85E45 /* text.db */; };
		929B1155182A334D003514BD /* icon@120x120.png in Resources */ = {isa = PBXBuildFile; fileRef = 929B1154182A334D003514BD /* icon@120x120.png */; };
		92F0F3B5183B639900977E16 /* shita.png in Resources */ = {isa = PBXBuildFile; fileRef = 92F0F3B2183B639900977E16 /* shita.png */; };
		92F0F3B6183B639900977E16 /* migi.png in Resources */ = {isa = PBXBuildFile; fileRef = 92F0F3B3183B639900977E16 /* migi.png */; };
		92F0F3B7183B639900977E16 /* ue.png in Resources */ = {isa = PBXBuildFile; fileRef = 92F0F3B4183B639900977E16 /* ue.png */; };
		92F0F3B9183B6AEA00977E16 /* pentagon_mark2.png in Resources */ = {isa = PBXBuildFile; fileRef = 92F0F3B8183B6AEA00977E16 /* pentagon_mark2.png */; };
		92F0F3C1183B725700977E16 /* ashitakara.png in Resources */ = {isa = PBXBuildFile; fileRef = 92F0F3BB183B725700977E16 /* ashitakara.png */; };
		92F0F3C2183B725700977E16 /* botsu.png in Resources */ = {isa = PBXBuildFile; fileRef = 92F0F3BC183B725700977E16 /* botsu.png */; };
		92F0F3C3183B725700977E16 /* gyafun.png in Resources */ = {isa = PBXBuildFile; fileRef = 92F0F3BD183B725700977E16 /* gyafun.png */; };
		92F0F3C4183B725700977E16 /* mikka.png in Resources */ = {isa = PBXBuildFile; fileRef = 92F0F3BE183B725700977E16 /* mikka.png */; };
		92F0F3C5183B725700977E16 /* sonochoshi.png in Resources */ = {isa = PBXBuildFile; fileRef = 92F0F3BF183B725700977E16 /* sonochoshi.png */; };
		92F0F3C6183B725700977E16 /* sugoi.png in Resources */ = {isa = PBXBuildFile; fileRef = 92F0F3C0183B725700977E16 /* sugoi.png */; };
		92F0F3CB183B728900977E16 /* iikanji.png in Resources */ = {isa = PBXBuildFile; fileRef = 92F0F3C7183B728900977E16 /* iikanji.png */; };
		92F0F3CC183B728900977E16 /* motto.png in Resources */ = {isa = PBXBuildFile; fileRef = 92F0F3C8183B728900977E16 /* motto.png */; };
		92F0F3CD183B728900977E16 /* mottoganbareru.png in Resources */ = {isa = PBXBuildFile; fileRef = 92F0F3C9183B728900977E16 /* mottoganbareru.png */; };
		92F0F3CE183B728900977E16 /* perfect.png in Resources */ = {isa = PBXBuildFile; fileRef = 92F0F3CA183B728900977E16 /* perfect.png */; };
		B7EE609A180B9F95004C73A2 /* Foundation.framework in Frameworks */ = {isa = PBXBuildFile; fileRef = B7EE6099180B9F95004C73A2 /* Foundation.framework */; };
		B7EE609C180B9F95004C73A2 /* CoreGraphics.framework in Frameworks */ = {isa = PBXBuildFile; fileRef = B7EE609B180B9F95004C73A2 /* CoreGraphics.framework */; };
		B7EE609E180B9F95004C73A2 /* UIKit.framework in Frameworks */ = {isa = PBXBuildFile; fileRef = B7EE609D180B9F95004C73A2 /* UIKit.framework */; };
		B7EE60A4180B9F95004C73A2 /* InfoPlist.strings in Resources */ = {isa = PBXBuildFile; fileRef = B7EE60A2180B9F95004C73A2 /* InfoPlist.strings */; };
		B7EE60A6180B9F95004C73A2 /* main.m in Sources */ = {isa = PBXBuildFile; fileRef = B7EE60A5180B9F95004C73A2 /* main.m */; };
		B7EE60AA180B9F95004C73A2 /* AppDelegate.m in Sources */ = {isa = PBXBuildFile; fileRef = B7EE60A9180B9F95004C73A2 /* AppDelegate.m */; };
		B7EE60AD180B9F95004C73A2 /* Main.storyboard in Resources */ = {isa = PBXBuildFile; fileRef = B7EE60AB180B9F95004C73A2 /* Main.storyboard */; };
		B7EE60B5180B9F95004C73A2 /* Images.xcassets in Resources */ = {isa = PBXBuildFile; fileRef = B7EE60B4180B9F95004C73A2 /* Images.xcassets */; };
		B7EE60BC180B9F95004C73A2 /* XCTest.framework in Frameworks */ = {isa = PBXBuildFile; fileRef = B7EE60BB180B9F95004C73A2 /* XCTest.framework */; };
		B7EE60BD180B9F95004C73A2 /* Foundation.framework in Frameworks */ = {isa = PBXBuildFile; fileRef = B7EE6099180B9F95004C73A2 /* Foundation.framework */; };
		B7EE60BE180B9F95004C73A2 /* UIKit.framework in Frameworks */ = {isa = PBXBuildFile; fileRef = B7EE609D180B9F95004C73A2 /* UIKit.framework */; };
		B7EE60C6180B9F95004C73A2 /* InfoPlist.strings in Resources */ = {isa = PBXBuildFile; fileRef = B7EE60C4180B9F95004C73A2 /* InfoPlist.strings */; };
		B7EE60C8180B9F95004C73A2 /* fmdbTests.m in Sources */ = {isa = PBXBuildFile; fileRef = B7EE60C7180B9F95004C73A2 /* fmdbTests.m */; };
		B7EE60D2180B9FF5004C73A2 /* libsqlite3.0.dylib in Frameworks */ = {isa = PBXBuildFile; fileRef = B7EE60D1180B9FF5004C73A2 /* libsqlite3.0.dylib */; };
		B7EE60DE180BA03C004C73A2 /* FMDatabase.m in Sources */ = {isa = PBXBuildFile; fileRef = B7EE60D5180BA03C004C73A2 /* FMDatabase.m */; };
		B7EE60DF180BA03C004C73A2 /* FMDatabaseAdditions.m in Sources */ = {isa = PBXBuildFile; fileRef = B7EE60D7180BA03C004C73A2 /* FMDatabaseAdditions.m */; };
		B7EE60E0180BA03C004C73A2 /* FMDatabasePool.m in Sources */ = {isa = PBXBuildFile; fileRef = B7EE60D9180BA03C004C73A2 /* FMDatabasePool.m */; };
		B7EE60E1180BA03C004C73A2 /* FMDatabaseQueue.m in Sources */ = {isa = PBXBuildFile; fileRef = B7EE60DB180BA03C004C73A2 /* FMDatabaseQueue.m */; };
		B7EE60E2180BA03C004C73A2 /* FMResultSet.m in Sources */ = {isa = PBXBuildFile; fileRef = B7EE60DD180BA03C004C73A2 /* FMResultSet.m */; };
		B7EE60E7180BA242004C73A2 /* MasterTableViewController.m in Sources */ = {isa = PBXBuildFile; fileRef = B7EE60E6180BA242004C73A2 /* MasterTableViewController.m */; };
		B7EE60EA180BA277004C73A2 /* Text.m in Sources */ = {isa = PBXBuildFile; fileRef = B7EE60E9180BA277004C73A2 /* Text.m */; };
		B7EE60ED180BA7B9004C73A2 /* DetailViewController.m in Sources */ = {isa = PBXBuildFile; fileRef = B7EE60EC180BA7B9004C73A2 /* DetailViewController.m */; };
/* End PBXBuildFile section */

/* Begin PBXContainerItemProxy section */
		B7EE60BF180B9F95004C73A2 /* PBXContainerItemProxy */ = {
			isa = PBXContainerItemProxy;
			containerPortal = B7EE608E180B9F95004C73A2 /* Project object */;
			proxyType = 1;
			remoteGlobalIDString = B7EE6095180B9F95004C73A2;
			remoteInfo = fmdb;
		};
/* End PBXContainerItemProxy section */

/* Begin PBXFileReference section */
		9207E2E11819AF3A00BA173D /* QuestionNavigationController.h */ = {isa = PBXFileReference; fileEncoding = 4; lastKnownFileType = sourcecode.c.h; path = QuestionNavigationController.h; sourceTree = "<group>"; };
		9207E2E21819AF3A00BA173D /* QuestionNavigationController.m */ = {isa = PBXFileReference; fileEncoding = 4; lastKnownFileType = sourcecode.c.objc; path = QuestionNavigationController.m; sourceTree = "<group>"; };
		9207E2E31819AF3A00BA173D /* QuestionViewController.h */ = {isa = PBXFileReference; fileEncoding = 4; lastKnownFileType = sourcecode.c.h; path = QuestionViewController.h; sourceTree = "<group>"; };
		9207E2E41819AF3A00BA173D /* QuestionViewController.m */ = {isa = PBXFileReference; fileEncoding = 4; lastKnownFileType = sourcecode.c.objc; path = QuestionViewController.m; sourceTree = "<group>"; };
		9207E2E51819AF3A00BA173D /* ResultDetailView.h */ = {isa = PBXFileReference; fileEncoding = 4; lastKnownFileType = sourcecode.c.h; path = ResultDetailView.h; sourceTree = "<group>"; };
		9207E2E61819AF3A00BA173D /* ResultDetailView.m */ = {isa = PBXFileReference; fileEncoding = 4; lastKnownFileType = sourcecode.c.objc; path = ResultDetailView.m; sourceTree = "<group>"; };
		9207E2E71819AF3A00BA173D /* ResultViewController.h */ = {isa = PBXFileReference; fileEncoding = 4; lastKnownFileType = sourcecode.c.h; path = ResultViewController.h; sourceTree = "<group>"; };
		9207E2E81819AF3A00BA173D /* ResultViewController.m */ = {isa = PBXFileReference; fileEncoding = 4; lastKnownFileType = sourcecode.c.objc; path = ResultViewController.m; sourceTree = "<group>"; };
		9207E2E91819AF3A00BA173D /* TodayViewController.h */ = {isa = PBXFileReference; fileEncoding = 4; lastKnownFileType = sourcecode.c.h; path = TodayViewController.h; sourceTree = "<group>"; };
		9207E2EA1819AF3A00BA173D /* TodayViewController.m */ = {isa = PBXFileReference; fileEncoding = 4; lastKnownFileType = sourcecode.c.objc; path = TodayViewController.m; sourceTree = "<group>"; };
		9207E2F01819B39C00BA173D /* GionTabBarController.h */ = {isa = PBXFileReference; fileEncoding = 4; lastKnownFileType = sourcecode.c.h; path = GionTabBarController.h; sourceTree = "<group>"; };
		9207E2F11819B39C00BA173D /* GionTabBarController.m */ = {isa = PBXFileReference; fileEncoding = 4; lastKnownFileType = sourcecode.c.objc; path = GionTabBarController.m; sourceTree = "<group>"; };
		921591BD1819FD6D00777FC6 /* SeisekiViewController.h */ = {isa = PBXFileReference; fileEncoding = 4; lastKnownFileType = sourcecode.c.h; path = SeisekiViewController.h; sourceTree = "<group>"; };
		921591BE1819FD6D00777FC6 /* SeisekiViewController.m */ = {isa = PBXFileReference; fileEncoding = 4; lastKnownFileType = sourcecode.c.objc; path = SeisekiViewController.m; sourceTree = "<group>"; };
		922E1167183B217800504BAC /* GionViewController.h */ = {isa = PBXFileReference; fileEncoding = 4; lastKnownFileType = sourcecode.c.h; path = GionViewController.h; sourceTree = "<group>"; };
		922E1168183B217800504BAC /* GionViewController.m */ = {isa = PBXFileReference; fileEncoding = 4; lastKnownFileType = sourcecode.c.objc; path = GionViewController.m; sourceTree = "<group>"; };
		922E116D183B2CBF00504BAC /* pentagon.png */ = {isa = PBXFileReference; lastKnownFileType = image.png; path = pentagon.png; sourceTree = "<group>"; };
		922E116F183B30F400504BAC /* GionDatabaseManager.h */ = {isa = PBXFileReference; fileEncoding = 4; lastKnownFileType = sourcecode.c.h; path = GionDatabaseManager.h; sourceTree = "<group>"; };
		922E1170183B30F400504BAC /* GionDatabaseManager.m */ = {isa = PBXFileReference; fileEncoding = 4; lastKnownFileType = sourcecode.c.objc; path = GionDatabaseManager.m; sourceTree = "<group>"; };
		923931A31838592B001211F3 /* Images.xcassets */ = {isa = PBXFileReference; lastKnownFileType = folder.assetcatalog; name = Images.xcassets; path = Gion/Images.xcassets; sourceTree = "<group>"; };
		923931A918385F76001211F3 /* spotlight_mashino@960.png */ = {isa = PBXFileReference; lastKnownFileType = image.png; path = "spotlight_mashino@960.png"; sourceTree = "<group>"; };
		923931AA18385F76001211F3 /* spotlight_mashino@1136.png */ = {isa = PBXFileReference; lastKnownFileType = image.png; path = "spotlight_mashino@1136.png"; sourceTree = "<group>"; };
		923931AD183872F7001211F3 /* right.png */ = {isa = PBXFileReference; lastKnownFileType = image.png; path = right.png; sourceTree = "<group>"; };
		923931AF183872FB001211F3 /* wrong.png */ = {isa = PBXFileReference; lastKnownFileType = image.png; path = wrong.png; sourceTree = "<group>"; };
		9247896C183B927800D85E45 /* text.db */ = {isa = PBXFileReference; lastKnownFileType = file; path = text.db; sourceTree = "<group>"; };
		929B1154182A334D003514BD /* icon@120x120.png */ = {isa = PBXFileReference; lastKnownFileType = image.png; path = "icon@120x120.png"; sourceTree = "<group>"; };
		92F0F3B2183B639900977E16 /* shita.png */ = {isa = PBXFileReference; lastKnownFileType = image.png; path = shita.png; sourceTree = "<group>"; };
		92F0F3B3183B639900977E16 /* migi.png */ = {isa = PBXFileReference; lastKnownFileType = image.png; path = migi.png; sourceTree = "<group>"; };
		92F0F3B4183B639900977E16 /* ue.png */ = {isa = PBXFileReference; lastKnownFileType = image.png; path = ue.png; sourceTree = "<group>"; };
		92F0F3B8183B6AEA00977E16 /* pentagon_mark2.png */ = {isa = PBXFileReference; lastKnownFileType = image.png; path = pentagon_mark2.png; sourceTree = "<group>"; };
		92F0F3BB183B725700977E16 /* ashitakara.png */ = {isa = PBXFileReference; lastKnownFileType = image.png; path = ashitakara.png; sourceTree = "<group>"; };
		92F0F3BC183B725700977E16 /* botsu.png */ = {isa = PBXFileReference; lastKnownFileType = image.png; path = botsu.png; sourceTree = "<group>"; };
		92F0F3BD183B725700977E16 /* gyafun.png */ = {isa = PBXFileReference; lastKnownFileType = image.png; path = gyafun.png; sourceTree = "<group>"; };
		92F0F3BE183B725700977E16 /* mikka.png */ = {isa = PBXFileReference; lastKnownFileType = image.png; path = mikka.png; sourceTree = "<group>"; };
		92F0F3BF183B725700977E16 /* sonochoshi.png */ = {isa = PBXFileReference; lastKnownFileType = image.png; path = sonochoshi.png; sourceTree = "<group>"; };
		92F0F3C0183B725700977E16 /* sugoi.png */ = {isa = PBXFileReference; lastKnownFileType = image.png; path = sugoi.png; sourceTree = "<group>"; };
		92F0F3C7183B728900977E16 /* iikanji.png */ = {isa = PBXFileReference; lastKnownFileType = image.png; path = iikanji.png; sourceTree = "<group>"; };
		92F0F3C8183B728900977E16 /* motto.png */ = {isa = PBXFileReference; lastKnownFileType = image.png; path = motto.png; sourceTree = "<group>"; };
		92F0F3C9183B728900977E16 /* mottoganbareru.png */ = {isa = PBXFileReference; lastKnownFileType = image.png; path = mottoganbareru.png; sourceTree = "<group>"; };
		92F0F3CA183B728900977E16 /* perfect.png */ = {isa = PBXFileReference; lastKnownFileType = image.png; path = perfect.png; sourceTree = "<group>"; };
		B7EE6096180B9F95004C73A2 /* Gion.app */ = {isa = PBXFileReference; explicitFileType = wrapper.application; includeInIndex = 0; path = Gion.app; sourceTree = BUILT_PRODUCTS_DIR; };
		B7EE6099180B9F95004C73A2 /* Foundation.framework */ = {isa = PBXFileReference; lastKnownFileType = wrapper.framework; name = Foundation.framework; path = System/Library/Frameworks/Foundation.framework; sourceTree = SDKROOT; };
		B7EE609B180B9F95004C73A2 /* CoreGraphics.framework */ = {isa = PBXFileReference; lastKnownFileType = wrapper.framework; name = CoreGraphics.framework; path = System/Library/Frameworks/CoreGraphics.framework; sourceTree = SDKROOT; };
		B7EE609D180B9F95004C73A2 /* UIKit.framework */ = {isa = PBXFileReference; lastKnownFileType = wrapper.framework; name = UIKit.framework; path = System/Library/Frameworks/UIKit.framework; sourceTree = SDKROOT; };
		B7EE60A1180B9F95004C73A2 /* Gion-Info.plist */ = {isa = PBXFileReference; lastKnownFileType = text.plist.xml; path = "Gion-Info.plist"; sourceTree = "<group>"; };
		B7EE60A3180B9F95004C73A2 /* en */ = {isa = PBXFileReference; lastKnownFileType = text.plist.strings; name = en; path = en.lproj/InfoPlist.strings; sourceTree = "<group>"; };
		B7EE60A5180B9F95004C73A2 /* main.m */ = {isa = PBXFileReference; lastKnownFileType = sourcecode.c.objc; path = main.m; sourceTree = "<group>"; };
		B7EE60A7180B9F95004C73A2 /* Gion-Prefix.pch */ = {isa = PBXFileReference; lastKnownFileType = sourcecode.c.h; path = "Gion-Prefix.pch"; sourceTree = "<group>"; };
		B7EE60A8180B9F95004C73A2 /* AppDelegate.h */ = {isa = PBXFileReference; lastKnownFileType = sourcecode.c.h; path = AppDelegate.h; sourceTree = "<group>"; };
		B7EE60A9180B9F95004C73A2 /* AppDelegate.m */ = {isa = PBXFileReference; lastKnownFileType = sourcecode.c.objc; path = AppDelegate.m; sourceTree = "<group>"; };
		B7EE60AC180B9F95004C73A2 /* Base */ = {isa = PBXFileReference; lastKnownFileType = file.storyboard; name = Base; path = Base.lproj/Main.storyboard; sourceTree = "<group>"; };
		B7EE60B4180B9F95004C73A2 /* Images.xcassets */ = {isa = PBXFileReference; lastKnownFileType = folder.assetcatalog; path = Images.xcassets; sourceTree = "<group>"; };
		B7EE60BA180B9F95004C73A2 /* GionTests.xctest */ = {isa = PBXFileReference; explicitFileType = wrapper.cfbundle; includeInIndex = 0; path = GionTests.xctest; sourceTree = BUILT_PRODUCTS_DIR; };
		B7EE60BB180B9F95004C73A2 /* XCTest.framework */ = {isa = PBXFileReference; lastKnownFileType = wrapper.framework; name = XCTest.framework; path = Library/Frameworks/XCTest.framework; sourceTree = DEVELOPER_DIR; };
		B7EE60C3180B9F95004C73A2 /* GionTests-Info.plist */ = {isa = PBXFileReference; lastKnownFileType = text.plist.xml; path = "GionTests-Info.plist"; sourceTree = "<group>"; };
		B7EE60C5180B9F95004C73A2 /* en */ = {isa = PBXFileReference; lastKnownFileType = text.plist.strings; name = en; path = en.lproj/InfoPlist.strings; sourceTree = "<group>"; };
		B7EE60C7180B9F95004C73A2 /* fmdbTests.m */ = {isa = PBXFileReference; lastKnownFileType = sourcecode.c.objc; path = fmdbTests.m; sourceTree = "<group>"; };
		B7EE60D1180B9FF5004C73A2 /* libsqlite3.0.dylib */ = {isa = PBXFileReference; lastKnownFileType = "compiled.mach-o.dylib"; name = libsqlite3.0.dylib; path = usr/lib/libsqlite3.0.dylib; sourceTree = SDKROOT; };
		B7EE60D4180BA03C004C73A2 /* FMDatabase.h */ = {isa = PBXFileReference; fileEncoding = 4; lastKnownFileType = sourcecode.c.h; path = FMDatabase.h; sourceTree = "<group>"; };
		B7EE60D5180BA03C004C73A2 /* FMDatabase.m */ = {isa = PBXFileReference; fileEncoding = 4; lastKnownFileType = sourcecode.c.objc; path = FMDatabase.m; sourceTree = "<group>"; };
		B7EE60D6180BA03C004C73A2 /* FMDatabaseAdditions.h */ = {isa = PBXFileReference; fileEncoding = 4; lastKnownFileType = sourcecode.c.h; path = FMDatabaseAdditions.h; sourceTree = "<group>"; };
		B7EE60D7180BA03C004C73A2 /* FMDatabaseAdditions.m */ = {isa = PBXFileReference; fileEncoding = 4; lastKnownFileType = sourcecode.c.objc; path = FMDatabaseAdditions.m; sourceTree = "<group>"; };
		B7EE60D8180BA03C004C73A2 /* FMDatabasePool.h */ = {isa = PBXFileReference; fileEncoding = 4; lastKnownFileType = sourcecode.c.h; path = FMDatabasePool.h; sourceTree = "<group>"; };
		B7EE60D9180BA03C004C73A2 /* FMDatabasePool.m */ = {isa = PBXFileReference; fileEncoding = 4; lastKnownFileType = sourcecode.c.objc; path = FMDatabasePool.m; sourceTree = "<group>"; };
		B7EE60DA180BA03C004C73A2 /* FMDatabaseQueue.h */ = {isa = PBXFileReference; fileEncoding = 4; lastKnownFileType = sourcecode.c.h; path = FMDatabaseQueue.h; sourceTree = "<group>"; };
		B7EE60DB180BA03C004C73A2 /* FMDatabaseQueue.m */ = {isa = PBXFileReference; fileEncoding = 4; lastKnownFileType = sourcecode.c.objc; path = FMDatabaseQueue.m; sourceTree = "<group>"; };
		B7EE60DC180BA03C004C73A2 /* FMResultSet.h */ = {isa = PBXFileReference; fileEncoding = 4; lastKnownFileType = sourcecode.c.h; path = FMResultSet.h; sourceTree = "<group>"; };
		B7EE60DD180BA03C004C73A2 /* FMResultSet.m */ = {isa = PBXFileReference; fileEncoding = 4; lastKnownFileType = sourcecode.c.objc; path = FMResultSet.m; sourceTree = "<group>"; };
		B7EE60E5180BA242004C73A2 /* MasterTableViewController.h */ = {isa = PBXFileReference; fileEncoding = 4; lastKnownFileType = sourcecode.c.h; path = MasterTableViewController.h; sourceTree = "<group>"; };
		B7EE60E6180BA242004C73A2 /* MasterTableViewController.m */ = {isa = PBXFileReference; fileEncoding = 4; lastKnownFileType = sourcecode.c.objc; path = MasterTableViewController.m; sourceTree = "<group>"; };
		B7EE60E8180BA277004C73A2 /* Text.h */ = {isa = PBXFileReference; fileEncoding = 4; lastKnownFileType = sourcecode.c.h; path = Text.h; sourceTree = "<group>"; };
		B7EE60E9180BA277004C73A2 /* Text.m */ = {isa = PBXFileReference; fileEncoding = 4; lastKnownFileType = sourcecode.c.objc; path = Text.m; sourceTree = "<group>"; };
		B7EE60EB180BA7B9004C73A2 /* DetailViewController.h */ = {isa = PBXFileReference; fileEncoding = 4; lastKnownFileType = sourcecode.c.h; path = DetailViewController.h; sourceTree = "<group>"; };
		B7EE60EC180BA7B9004C73A2 /* DetailViewController.m */ = {isa = PBXFileReference; fileEncoding = 4; lastKnownFileType = sourcecode.c.objc; path = DetailViewController.m; sourceTree = "<group>"; };
/* End PBXFileReference section */

/* Begin PBXFrameworksBuildPhase section */
		B7EE6093180B9F95004C73A2 /* Frameworks */ = {
			isa = PBXFrameworksBuildPhase;
			buildActionMask = 2147483647;
			files = (
				B7EE60D2180B9FF5004C73A2 /* libsqlite3.0.dylib in Frameworks */,
				B7EE609C180B9F95004C73A2 /* CoreGraphics.framework in Frameworks */,
				B7EE609E180B9F95004C73A2 /* UIKit.framework in Frameworks */,
				B7EE609A180B9F95004C73A2 /* Foundation.framework in Frameworks */,
			);
			runOnlyForDeploymentPostprocessing = 0;
		};
		B7EE60B7180B9F95004C73A2 /* Frameworks */ = {
			isa = PBXFrameworksBuildPhase;
			buildActionMask = 2147483647;
			files = (
				B7EE60BC180B9F95004C73A2 /* XCTest.framework in Frameworks */,
				B7EE60BE180B9F95004C73A2 /* UIKit.framework in Frameworks */,
				B7EE60BD180B9F95004C73A2 /* Foundation.framework in Frameworks */,
			);
			runOnlyForDeploymentPostprocessing = 0;
		};
/* End PBXFrameworksBuildPhase section */

/* Begin PBXGroup section */
		92F0F3BA183B723600977E16 /* achivementImage */ = {
			isa = PBXGroup;
			children = (
				92F0F3C7183B728900977E16 /* iikanji.png */,
				92F0F3C8183B728900977E16 /* motto.png */,
				92F0F3C9183B728900977E16 /* mottoganbareru.png */,
				92F0F3CA183B728900977E16 /* perfect.png */,
				92F0F3BB183B725700977E16 /* ashitakara.png */,
				92F0F3BC183B725700977E16 /* botsu.png */,
				92F0F3BD183B725700977E16 /* gyafun.png */,
				92F0F3BE183B725700977E16 /* mikka.png */,
				92F0F3BF183B725700977E16 /* sonochoshi.png */,
				92F0F3C0183B725700977E16 /* sugoi.png */,
			);
			name = achivementImage;
			sourceTree = "<group>";
		};
		B7EE608D180B9F95004C73A2 = {
			isa = PBXGroup;
			children = (
				923931A31838592B001211F3 /* Images.xcassets */,
				B7EE609F180B9F95004C73A2 /* fmdb */,
				B7EE60C1180B9F95004C73A2 /* fmdbTests */,
				B7EE6098180B9F95004C73A2 /* Frameworks */,
				B7EE6097180B9F95004C73A2 /* Products */,
				B7EE60D3180BA03C004C73A2 /* FMDBlib */,
			);
			sourceTree = "<group>";
		};
		B7EE6097180B9F95004C73A2 /* Products */ = {
			isa = PBXGroup;
			children = (
				B7EE6096180B9F95004C73A2 /* Gion.app */,
				B7EE60BA180B9F95004C73A2 /* GionTests.xctest */,
			);
			name = Products;
			sourceTree = "<group>";
		};
		B7EE6098180B9F95004C73A2 /* Frameworks */ = {
			isa = PBXGroup;
			children = (
				B7EE60D1180B9FF5004C73A2 /* libsqlite3.0.dylib */,
				B7EE6099180B9F95004C73A2 /* Foundation.framework */,
				B7EE609B180B9F95004C73A2 /* CoreGraphics.framework */,
				B7EE609D180B9F95004C73A2 /* UIKit.framework */,
				B7EE60BB180B9F95004C73A2 /* XCTest.framework */,
			);
			name = Frameworks;
			sourceTree = "<group>";
		};
		B7EE609F180B9F95004C73A2 /* fmdb */ = {
			isa = PBXGroup;
			children = (
				9247896C183B927800D85E45 /* text.db */,
				B7EE60A8180B9F95004C73A2 /* AppDelegate.h */,
				B7EE60A9180B9F95004C73A2 /* AppDelegate.m */,
				B7EE60AB180B9F95004C73A2 /* Main.storyboard */,
				B7EE60B4180B9F95004C73A2 /* Images.xcassets */,
				9207E2F01819B39C00BA173D /* GionTabBarController.h */,
				9207E2F11819B39C00BA173D /* GionTabBarController.m */,
				922E1167183B217800504BAC /* GionViewController.h */,
				922E1168183B217800504BAC /* GionViewController.m */,
				9207E2E91819AF3A00BA173D /* TodayViewController.h */,
				9207E2EA1819AF3A00BA173D /* TodayViewController.m */,
				9207E2E11819AF3A00BA173D /* QuestionNavigationController.h */,
				9207E2E21819AF3A00BA173D /* QuestionNavigationController.m */,
				9207E2E31819AF3A00BA173D /* QuestionViewController.h */,
				9207E2E41819AF3A00BA173D /* QuestionViewController.m */,
				9207E2E51819AF3A00BA173D /* ResultDetailView.h */,
				9207E2E61819AF3A00BA173D /* ResultDetailView.m */,
				9207E2E71819AF3A00BA173D /* ResultViewController.h */,
				9207E2E81819AF3A00BA173D /* ResultViewController.m */,
				921591BD1819FD6D00777FC6 /* SeisekiViewController.h */,
				921591BE1819FD6D00777FC6 /* SeisekiViewController.m */,
				B7EE60E5180BA242004C73A2 /* MasterTableViewController.h */,
				B7EE60E6180BA242004C73A2 /* MasterTableViewController.m */,
				B7EE60E8180BA277004C73A2 /* Text.h */,
				B7EE60E9180BA277004C73A2 /* Text.m */,
				B7EE60EB180BA7B9004C73A2 /* DetailViewController.h */,
				B7EE60EC180BA7B9004C73A2 /* DetailViewController.m */,
				922E116F183B30F400504BAC /* GionDatabaseManager.h */,
				922E1170183B30F400504BAC /* GionDatabaseManager.m */,
				B7EE60A0180B9F95004C73A2 /* Supporting Files */,
			);
			path = fmdb;
			sourceTree = "<group>";
		};
		B7EE60A0180B9F95004C73A2 /* Supporting Files */ = {
			isa = PBXGroup;
			children = (
				92F0F3BA183B723600977E16 /* achivementImage */,
				92F0F3B8183B6AEA00977E16 /* pentagon_mark2.png */,
				92F0F3B2183B639900977E16 /* shita.png */,
				92F0F3B3183B639900977E16 /* migi.png */,
				92F0F3B4183B639900977E16 /* ue.png */,
				922E116D183B2CBF00504BAC /* pentagon.png */,
				923931A918385F76001211F3 /* spotlight_mashino@960.png */,
				923931AA18385F76001211F3 /* spotlight_mashino@1136.png */,
				923931AD183872F7001211F3 /* right.png */,
				923931AF183872FB001211F3 /* wrong.png */,
				929B1154182A334D003514BD /* icon@120x120.png */,
				B7EE60A1180B9F95004C73A2 /* Gion-Info.plist */,
				B7EE60A2180B9F95004C73A2 /* InfoPlist.strings */,
				B7EE60A5180B9F95004C73A2 /* main.m */,
				B7EE60A7180B9F95004C73A2 /* Gion-Prefix.pch */,
			);
			name = "Supporting Files";
			sourceTree = "<group>";
		};
		B7EE60C1180B9F95004C73A2 /* fmdbTests */ = {
			isa = PBXGroup;
			children = (
				B7EE60C7180B9F95004C73A2 /* fmdbTests.m */,
				B7EE60C2180B9F95004C73A2 /* Supporting Files */,
			);
			path = fmdbTests;
			sourceTree = "<group>";
		};
		B7EE60C2180B9F95004C73A2 /* Supporting Files */ = {
			isa = PBXGroup;
			children = (
				B7EE60C3180B9F95004C73A2 /* GionTests-Info.plist */,
				B7EE60C4180B9F95004C73A2 /* InfoPlist.strings */,
			);
			name = "Supporting Files";
			sourceTree = "<group>";
		};
		B7EE60D3180BA03C004C73A2 /* FMDBlib */ = {
			isa = PBXGroup;
			children = (
				B7EE60D4180BA03C004C73A2 /* FMDatabase.h */,
				B7EE60D5180BA03C004C73A2 /* FMDatabase.m */,
				B7EE60D6180BA03C004C73A2 /* FMDatabaseAdditions.h */,
				B7EE60D7180BA03C004C73A2 /* FMDatabaseAdditions.m */,
				B7EE60D8180BA03C004C73A2 /* FMDatabasePool.h */,
				B7EE60D9180BA03C004C73A2 /* FMDatabasePool.m */,
				B7EE60DA180BA03C004C73A2 /* FMDatabaseQueue.h */,
				B7EE60DB180BA03C004C73A2 /* FMDatabaseQueue.m */,
				B7EE60DC180BA03C004C73A2 /* FMResultSet.h */,
				B7EE60DD180BA03C004C73A2 /* FMResultSet.m */,
			);
			path = FMDBlib;
			sourceTree = "<group>";
		};
/* End PBXGroup section */

/* Begin PBXNativeTarget section */
		B7EE6095180B9F95004C73A2 /* Gion */ = {
			isa = PBXNativeTarget;
			buildConfigurationList = B7EE60CB180B9F95004C73A2 /* Build configuration list for PBXNativeTarget "Gion" */;
			buildPhases = (
				B7EE6092180B9F95004C73A2 /* Sources */,
				B7EE6093180B9F95004C73A2 /* Frameworks */,
				B7EE6094180B9F95004C73A2 /* Resources */,
			);
			buildRules = (
			);
			dependencies = (
			);
			name = Gion;
			productName = fmdb;
			productReference = B7EE6096180B9F95004C73A2 /* Gion.app */;
			productType = "com.apple.product-type.application";
		};
		B7EE60B9180B9F95004C73A2 /* GionTests */ = {
			isa = PBXNativeTarget;
			buildConfigurationList = B7EE60CE180B9F95004C73A2 /* Build configuration list for PBXNativeTarget "GionTests" */;
			buildPhases = (
				B7EE60B6180B9F95004C73A2 /* Sources */,
				B7EE60B7180B9F95004C73A2 /* Frameworks */,
				B7EE60B8180B9F95004C73A2 /* Resources */,
			);
			buildRules = (
			);
			dependencies = (
				B7EE60C0180B9F95004C73A2 /* PBXTargetDependency */,
			);
			name = GionTests;
			productName = fmdbTests;
			productReference = B7EE60BA180B9F95004C73A2 /* GionTests.xctest */;
			productType = "com.apple.product-type.bundle.unit-test";
		};
/* End PBXNativeTarget section */

/* Begin PBXProject section */
		B7EE608E180B9F95004C73A2 /* Project object */ = {
			isa = PBXProject;
			attributes = {
				LastUpgradeCheck = 0500;
				ORGANIZATIONNAME = horita;
				TargetAttributes = {
					B7EE60B9180B9F95004C73A2 = {
						TestTargetID = B7EE6095180B9F95004C73A2;
					};
				};
			};
			buildConfigurationList = B7EE6091180B9F95004C73A2 /* Build configuration list for PBXProject "Gion" */;
			compatibilityVersion = "Xcode 3.2";
			developmentRegion = English;
			hasScannedForEncodings = 0;
			knownRegions = (
				en,
				Base,
			);
			mainGroup = B7EE608D180B9F95004C73A2;
			productRefGroup = B7EE6097180B9F95004C73A2 /* Products */;
			projectDirPath = "";
			projectRoot = "";
			targets = (
				B7EE6095180B9F95004C73A2 /* Gion */,
				B7EE60B9180B9F95004C73A2 /* GionTests */,
			);
		};
/* End PBXProject section */

/* Begin PBXResourcesBuildPhase section */
		B7EE6094180B9F95004C73A2 /* Resources */ = {
			isa = PBXResourcesBuildPhase;
			buildActionMask = 2147483647;
			files = (
				92F0F3CC183B728900977E16 /* motto.png in Resources */,
				92F0F3C3183B725700977E16 /* gyafun.png in Resources */,
				92F0F3CE183B728900977E16 /* perfect.png in Resources */,
				92F0F3B5183B639900977E16 /* shita.png in Resources */,
				92F0F3C4183B725700977E16 /* mikka.png in Resources */,
				92F0F3B9183B6AEA00977E16 /* pentagon_mark2.png in Resources */,
				923931A41838592B001211F3 /* Images.xcassets in Resources */,
				92F0F3CD183B728900977E16 /* mottoganbareru.png in Resources */,
				923931AE183872F7001211F3 /* right.png in Resources */,
				92F0F3C6183B725700977E16 /* sugoi.png in Resources */,
				929B1155182A334D003514BD /* icon@120x120.png in Resources */,
				92F0F3B7183B639900977E16 /* ue.png in Resources */,
				B7EE60B5180B9F95004C73A2 /* Images.xcassets in Resources */,
				923931B0183872FB001211F3 /* wrong.png in Resources */,
				92F0F3B6183B639900977E16 /* migi.png in Resources */,
				92F0F3C1183B725700977E16 /* ashitakara.png in Resources */,
				92F0F3C2183B725700977E16 /* botsu.png in Resources */,
				92F0F3CB183B728900977E16 /* iikanji.png in Resources */,
				923931AC18385F76001211F3 /* spotlight_mashino@1136.png in Resources */,
				B7EE60A4180B9F95004C73A2 /* InfoPlist.strings in Resources */,
				922E116E183B2CBF00504BAC /* pentagon.png in Resources */,
				B7EE60AD180B9F95004C73A2 /* Main.storyboard in Resources */,
				92F0F3C5183B725700977E16 /* sonochoshi.png in Resources */,
				923931AB18385F76001211F3 /* spotlight_mashino@960.png in Resources */,
				9247896D183B927800D85E45 /* text.db in Resources */,
			);
			runOnlyForDeploymentPostprocessing = 0;
		};
		B7EE60B8180B9F95004C73A2 /* Resources */ = {
			isa = PBXResourcesBuildPhase;
			buildActionMask = 2147483647;
			files = (
				B7EE60C6180B9F95004C73A2 /* InfoPlist.strings in Resources */,
			);
			runOnlyForDeploymentPostprocessing = 0;
		};
/* End PBXResourcesBuildPhase section */

/* Begin PBXSourcesBuildPhase section */
		B7EE6092180B9F95004C73A2 /* Sources */ = {
			isa = PBXSourcesBuildPhase;
			buildActionMask = 2147483647;
			files = (
				B7EE60AA180B9F95004C73A2 /* AppDelegate.m in Sources */,
				922E1171183B30F400504BAC /* GionDatabaseManager.m in Sources */,
				9207E2EE1819AF3A00BA173D /* ResultViewController.m in Sources */,
				9207E2EB1819AF3A00BA173D /* QuestionNavigationController.m in Sources */,
				922E1169183B217800504BAC /* GionViewController.m in Sources */,
				9207E2EC1819AF3A00BA173D /* QuestionViewController.m in Sources */,
				B7EE60E7180BA242004C73A2 /* MasterTableViewController.m in Sources */,
				B7EE60EA180BA277004C73A2 /* Text.m in Sources */,
				B7EE60E1180BA03C004C73A2 /* FMDatabaseQueue.m in Sources */,
				B7EE60A6180B9F95004C73A2 /* main.m in Sources */,
				B7EE60ED180BA7B9004C73A2 /* DetailViewController.m in Sources */,
				9207E2EF1819AF3A00BA173D /* TodayViewController.m in Sources */,
				B7EE60DE180BA03C004C73A2 /* FMDatabase.m in Sources */,
				B7EE60E0180BA03C004C73A2 /* FMDatabasePool.m in Sources */,
				921591BF1819FD6D00777FC6 /* SeisekiViewController.m in Sources */,
				B7EE60E2180BA03C004C73A2 /* FMResultSet.m in Sources */,
				B7EE60DF180BA03C004C73A2 /* FMDatabaseAdditions.m in Sources */,
				9207E2F21819B39C00BA173D /* GionTabBarController.m in Sources */,
				9207E2ED1819AF3A00BA173D /* ResultDetailView.m in Sources */,
			);
			runOnlyForDeploymentPostprocessing = 0;
		};
		B7EE60B6180B9F95004C73A2 /* Sources */ = {
			isa = PBXSourcesBuildPhase;
			buildActionMask = 2147483647;
			files = (
				B7EE60C8180B9F95004C73A2 /* fmdbTests.m in Sources */,
			);
			runOnlyForDeploymentPostprocessing = 0;
		};
/* End PBXSourcesBuildPhase section */

/* Begin PBXTargetDependency section */
		B7EE60C0180B9F95004C73A2 /* PBXTargetDependency */ = {
			isa = PBXTargetDependency;
			target = B7EE6095180B9F95004C73A2 /* Gion */;
			targetProxy = B7EE60BF180B9F95004C73A2 /* PBXContainerItemProxy */;
		};
/* End PBXTargetDependency section */

/* Begin PBXVariantGroup section */
		B7EE60A2180B9F95004C73A2 /* InfoPlist.strings */ = {
			isa = PBXVariantGroup;
			children = (
				B7EE60A3180B9F95004C73A2 /* en */,
			);
			name = InfoPlist.strings;
			sourceTree = "<group>";
		};
		B7EE60AB180B9F95004C73A2 /* Main.storyboard */ = {
			isa = PBXVariantGroup;
			children = (
				B7EE60AC180B9F95004C73A2 /* Base */,
			);
			name = Main.storyboard;
			sourceTree = "<group>";
		};
		B7EE60C4180B9F95004C73A2 /* InfoPlist.strings */ = {
			isa = PBXVariantGroup;
			children = (
				B7EE60C5180B9F95004C73A2 /* en */,
			);
			name = InfoPlist.strings;
			sourceTree = "<group>";
		};
/* End PBXVariantGroup section */

/* Begin XCBuildConfiguration section */
		B7EE60C9180B9F95004C73A2 /* Debug */ = {
			isa = XCBuildConfiguration;
			buildSettings = {
				ALWAYS_SEARCH_USER_PATHS = NO;
				ARCHS = "$(ARCHS_STANDARD_INCLUDING_64_BIT)";
				CLANG_CXX_LANGUAGE_STANDARD = "gnu++0x";
				CLANG_CXX_LIBRARY = "libc++";
				CLANG_ENABLE_MODULES = YES;
				CLANG_ENABLE_OBJC_ARC = YES;
				CLANG_WARN_BOOL_CONVERSION = YES;
				CLANG_WARN_CONSTANT_CONVERSION = YES;
				CLANG_WARN_DIRECT_OBJC_ISA_USAGE = YES_ERROR;
				CLANG_WARN_EMPTY_BODY = YES;
				CLANG_WARN_ENUM_CONVERSION = YES;
				CLANG_WARN_INT_CONVERSION = YES;
				CLANG_WARN_OBJC_ROOT_CLASS = YES_ERROR;
				CLANG_WARN__DUPLICATE_METHOD_MATCH = YES;
				"CODE_SIGN_IDENTITY[sdk=iphoneos*]" = "iPhone Developer";
				COPY_PHASE_STRIP = NO;
				GCC_C_LANGUAGE_STANDARD = gnu99;
				GCC_DYNAMIC_NO_PIC = NO;
				GCC_OPTIMIZATION_LEVEL = 0;
				GCC_PREPROCESSOR_DEFINITIONS = (
					"DEBUG=1",
					"$(inherited)",
				);
				GCC_SYMBOLS_PRIVATE_EXTERN = NO;
				GCC_WARN_64_TO_32_BIT_CONVERSION = YES;
				GCC_WARN_ABOUT_RETURN_TYPE = YES_ERROR;
				GCC_WARN_UNDECLARED_SELECTOR = YES;
				GCC_WARN_UNINITIALIZED_AUTOS = YES;
				GCC_WARN_UNUSED_FUNCTION = YES;
				GCC_WARN_UNUSED_VARIABLE = YES;
				IPHONEOS_DEPLOYMENT_TARGET = 7.0;
				ONLY_ACTIVE_ARCH = YES;
				SDKROOT = iphoneos;
			};
			name = Debug;
		};
		B7EE60CA180B9F95004C73A2 /* Release */ = {
			isa = XCBuildConfiguration;
			buildSettings = {
				ALWAYS_SEARCH_USER_PATHS = NO;
				ARCHS = "$(ARCHS_STANDARD_INCLUDING_64_BIT)";
				CLANG_CXX_LANGUAGE_STANDARD = "gnu++0x";
				CLANG_CXX_LIBRARY = "libc++";
				CLANG_ENABLE_MODULES = YES;
				CLANG_ENABLE_OBJC_ARC = YES;
				CLANG_WARN_BOOL_CONVERSION = YES;
				CLANG_WARN_CONSTANT_CONVERSION = YES;
				CLANG_WARN_DIRECT_OBJC_ISA_USAGE = YES_ERROR;
				CLANG_WARN_EMPTY_BODY = YES;
				CLANG_WARN_ENUM_CONVERSION = YES;
				CLANG_WARN_INT_CONVERSION = YES;
				CLANG_WARN_OBJC_ROOT_CLASS = YES_ERROR;
				CLANG_WARN__DUPLICATE_METHOD_MATCH = YES;
				"CODE_SIGN_IDENTITY[sdk=iphoneos*]" = "iPhone Developer";
				COPY_PHASE_STRIP = YES;
				ENABLE_NS_ASSERTIONS = NO;
				GCC_C_LANGUAGE_STANDARD = gnu99;
				GCC_WARN_64_TO_32_BIT_CONVERSION = YES;
				GCC_WARN_ABOUT_RETURN_TYPE = YES_ERROR;
				GCC_WARN_UNDECLARED_SELECTOR = YES;
				GCC_WARN_UNINITIALIZED_AUTOS = YES;
				GCC_WARN_UNUSED_FUNCTION = YES;
				GCC_WARN_UNUSED_VARIABLE = YES;
				IPHONEOS_DEPLOYMENT_TARGET = 7.0;
				SDKROOT = iphoneos;
				VALIDATE_PRODUCT = YES;
			};
			name = Release;
		};
		B7EE60CC180B9F95004C73A2 /* Debug */ = {
			isa = XCBuildConfiguration;
			buildSettings = {
				CODE_SIGN_IDENTITY = "iPhone Developer: Takuto Ohnaka (U53TMLB5R5)";
				GCC_PRECOMPILE_PREFIX_HEADER = YES;
				GCC_PREFIX_HEADER = "fmdb/Gion-Prefix.pch";
				INFOPLIST_FILE = "fmdb/Gion-Info.plist";
				PRODUCT_NAME = Gion;
				TARGETED_DEVICE_FAMILY = 1;
				WRAPPER_EXTENSION = app;
			};
			name = Debug;
		};
		B7EE60CD180B9F95004C73A2 /* Release */ = {
			isa = XCBuildConfiguration;
			buildSettings = {
				CODE_SIGN_IDENTITY = "iPhone Developer: Takuto Ohnaka (U53TMLB5R5)";
				GCC_PRECOMPILE_PREFIX_HEADER = YES;
				GCC_PREFIX_HEADER = "fmdb/Gion-Prefix.pch";
				INFOPLIST_FILE = "fmdb/Gion-Info.plist";
				PRODUCT_NAME = Gion;
				TARGETED_DEVICE_FAMILY = 1;
				WRAPPER_EXTENSION = app;
			};
			name = Release;
		};
		B7EE60CF180B9F95004C73A2 /* Debug */ = {
			isa = XCBuildConfiguration;
			buildSettings = {
				ARCHS = "$(ARCHS_STANDARD_INCLUDING_64_BIT)";
				BUNDLE_LOADER = "$(BUILT_PRODUCTS_DIR)/fmdb.app/fmdb";
				FRAMEWORK_SEARCH_PATHS = (
					"$(SDKROOT)/Developer/Library/Frameworks",
					"$(inherited)",
					"$(DEVELOPER_FRAMEWORKS_DIR)",
				);
				GCC_PRECOMPILE_PREFIX_HEADER = YES;
				GCC_PREFIX_HEADER = "fmdb/fmdb-Prefix.pch";
				GCC_PREPROCESSOR_DEFINITIONS = (
					"DEBUG=1",
					"$(inherited)",
				);
				INFOPLIST_FILE = "fmdbTests/GionTests-Info.plist";
				PRODUCT_NAME = GionTests;
				TEST_HOST = "$(BUNDLE_LOADER)";
				WRAPPER_EXTENSION = xctest;
			};
			name = Debug;
		};
		B7EE60D0180B9F95004C73A2 /* Release */ = {
			isa = XCBuildConfiguration;
			buildSettings = {
				ARCHS = "$(ARCHS_STANDARD_INCLUDING_64_BIT)";
				BUNDLE_LOADER = "$(BUILT_PRODUCTS_DIR)/fmdb.app/fmdb";
				FRAMEWORK_SEARCH_PATHS = (
					"$(SDKROOT)/Developer/Library/Frameworks",
					"$(inherited)",
					"$(DEVELOPER_FRAMEWORKS_DIR)",
				);
				GCC_PRECOMPILE_PREFIX_HEADER = YES;
				GCC_PREFIX_HEADER = "fmdb/fmdb-Prefix.pch";
				INFOPLIST_FILE = "fmdbTests/GionTests-Info.plist";
				PRODUCT_NAME = GionTests;
				TEST_HOST = "$(BUNDLE_LOADER)";
				WRAPPER_EXTENSION = xctest;
			};
			name = Release;
		};
/* End XCBuildConfiguration section */

/* Begin XCConfigurationList section */
		B7EE6091180B9F95004C73A2 /* Build configuration list for PBXProject "Gion" */ = {
			isa = XCConfigurationList;
			buildConfigurations = (
				B7EE60C9180B9F95004C73A2 /* Debug */,
				B7EE60CA180B9F95004C73A2 /* Release */,
			);
			defaultConfigurationIsVisible = 0;
			defaultConfigurationName = Release;
		};
		B7EE60CB180B9F95004C73A2 /* Build configuration list for PBXNativeTarget "Gion" */ = {
			isa = XCConfigurationList;
			buildConfigurations = (
				B7EE60CC180B9F95004C73A2 /* Debug */,
				B7EE60CD180B9F95004C73A2 /* Release */,
			);
			defaultConfigurationIsVisible = 0;
			defaultConfigurationName = Release;
		};
		B7EE60CE180B9F95004C73A2 /* Build configuration list for PBXNativeTarget "GionTests" */ = {
			isa = XCConfigurationList;
			buildConfigurations = (
				B7EE60CF180B9F95004C73A2 /* Debug */,
				B7EE60D0180B9F95004C73A2 /* Release */,
			);
			defaultConfigurationIsVisible = 0;
			defaultConfigurationName = Release;
		};
/* End XCConfigurationList section */
	};
	rootObject = B7EE608E180B9F95004C73A2 /* Project object */;
}
